
Microsoft Visual Studio Solution File, Format Version 12.00
# Visual Studio Version 17
VisualStudioVersion = 17.5.33516.290
MinimumVisualStudioVersion = 10.0.40219.1
Project("{9A19103F-16F7-4668-BE54-9A1E7A4F7556}") = "GameWORLD", "GameWORLD.csproj", "{6A00A756-945F-4BF4-B1B0-A5DAE8A94DBC}"
EndProject
Global
	GlobalSection(SolutionConfigurationPlatforms) = preSolution
		Debug|Any CPU = Debug|Any CPU
		Release|Any CPU = Release|Any CPU
	EndGlobalSection
	GlobalSection(ProjectConfigurationPlatforms) = postSolution
		{6A00A756-945F-4BF4-B1B0-A5DAE8A94DBC}.Debug|Any CPU.ActiveCfg = Debug|Any CPU
		{6A00A756-945F-4BF4-B1B0-A5DAE8A94DBC}.Debug|Any CPU.Build.0 = Debug|Any CPU
		{6A00A756-945F-4BF4-B1B0-A5DAE8A94DBC}.Release|Any CPU.ActiveCfg = Release|Any CPU
		{6A00A756-945F-4BF4-B1B0-A5DAE8A94DBC}.Release|Any CPU.Build.0 = Release|Any CPU
	EndGlobalSection
	GlobalSection(SolutionProperties) = preSolution
		HideSolutionNode = FALSE
	EndGlobalSection
	GlobalSection(ExtensibilityGlobals) = postSolution
		SolutionGuid = {0B1EC300-0BBF-4F50-90F5-70B994D5633F}
	EndGlobalSection
EndGlobal
